
Microsoft Visual Studio Solution File, Format Version 12.00
# Visual Studio Version 17
VisualStudioVersion = 17.7.34024.191
MinimumVisualStudioVersion = 10.0.40219.1
Project("{FAE04EC0-301F-11D3-BF4B-00C04F79EFBC}") = "helo", "helo.csproj", "{5F84EAE7-2974-464B-A397-0E4179C8B826}"
EndProject
Global
	GlobalSection(SolutionConfigurationPlatforms) = preSolution
		Debug|Any CPU = Debug|Any CPU
		Release|Any CPU = Release|Any CPU
	EndGlobalSection
	GlobalSection(ProjectConfigurationPlatforms) = postSolution
		{5F84EAE7-2974-464B-A397-0E4179C8B826}.Debug|Any CPU.ActiveCfg = Debug|Any CPU
		{5F84EAE7-2974-464B-A397-0E4179C8B826}.Debug|Any CPU.Build.0 = Debug|Any CPU
		{5F84EAE7-2974-464B-A397-0E4179C8B826}.Release|Any CPU.ActiveCfg = Release|Any CPU
		{5F84EAE7-2974-464B-A397-0E4179C8B826}.Release|Any CPU.Build.0 = Release|Any CPU
	EndGlobalSection
	GlobalSection(SolutionProperties) = preSolution
		HideSolutionNode = FALSE
	EndGlobalSection
	GlobalSection(ExtensibilityGlobals) = postSolution
		SolutionGuid = {8105EAEF-6BBD-49FA-8993-D8455E6B956F}
	EndGlobalSection
EndGlobal
